# This file was autogenerated by uv via the following command:
#    uv pip compile pyproject.toml -o uv.lock
blinker==1.9.0
    # via flask
click==8.3.1
    # via flask
flask==3.1.2
    # via
    #   ecommerce-backend (pyproject.toml)
    #   flask-cors
    #   flask-login
    #   flask-sqlalchemy
flask-cors==4.0.0
    # via ecommerce-backend (pyproject.toml)
flask-login==0.6.3
    # via ecommerce-backend (pyproject.toml)
flask-sqlalchemy==3.1.1
    # via ecommerce-backend (pyproject.toml)
greenlet==3.3.0
    # via sqlalchemy
gunicorn==21.2.0
    # via ecommerce-backend (pyproject.toml)
itsdangerous==2.2.0
    # via flask
jinja2==3.1.6
    # via flask
markupsafe==3.0.3
    # via
    #   flask
    #   jinja2
    #   werkzeug
packaging==25.0
    # via gunicorn
psycopg==3.1.18
    # via ecommerce-backend (pyproject.toml)
psycopg-binary==3.1.18
    # via psycopg
pyjwt==2.10.1
    # via ecommerce-backend (pyproject.toml)
python-dotenv==1.0.0
    # via ecommerce-backend (pyproject.toml)
sqlalchemy==2.0.45
    # via flask-sqlalchemy
typing-extensions==4.15.0
    # via
    #   psycopg
    #   sqlalchemy
werkzeug==3.1.4
    # via
    #   ecommerce-backend (pyproject.toml)
    #   flask
    #   flask-login
